
Microsoft Visual Studio Solution File, Format Version 12.00
# Visual Studio Version 17
VisualStudioVersion = 17.0.31903.59
MinimumVisualStudioVersion = 10.0.40219.1
Project("{2150E333-8FDC-42A3-9474-1A3956D46DE8}") = "src", "src", "{827E0CD3-B72D-47B6-A68D-7590B98EB39B}"
EndProject
Project("{FAE04EC0-301F-11D3-BF4B-00C04F79EFBC}") = "Application", "src\Application\Application.csproj", "{3CFFFDBA-9933-401D-8F1F-21A574C00835}"
EndProject
Project("{FAE04EC0-301F-11D3-BF4B-00C04F79EFBC}") = "Domain", "src\Domain\Domain.csproj", "{F67C9C90-EB00-4C9C-8250-8E7BED0C6B02}"
EndProject
Project("{FAE04EC0-301F-11D3-BF4B-00C04F79EFBC}") = "Infrastructure", "src\Infrastructure\Infrastructure.csproj", "{7E769061-690E-41D5-8EEE-995EA3CD54BC}"
EndProject
Project("{FAE04EC0-301F-11D3-BF4B-00C04F79EFBC}") = "WebAPI", "src\WebAPI\WebAPI.csproj", "{22714FB7-1246-4D04-B471-3A0F5A0E7D71}"
EndProject
Project("{2150E333-8FDC-42A3-9474-1A3956D46DE8}") = "Tests", "Tests", "{0AB3BF05-4346-4AA6-1389-037BE0695223}"
EndProject
Project("{FAE04EC0-301F-11D3-BF4B-00C04F79EFBC}") = "UnitTests", "Tests\UnitTests\UnitTests.csproj", "{70BC89B9-EC34-496D-BF2D-FB9505CE4A29}"
EndProject
Project("{FAE04EC0-301F-11D3-BF4B-00C04F79EFBC}") = "IntegrationTests", "Tests\IntegrationTests\IntegrationTests.csproj", "{6FAC16D4-5F9C-40DF-A52B-997919E34057}"
EndProject
Global
	GlobalSection(SolutionConfigurationPlatforms) = preSolution
		Debug|Any CPU = Debug|Any CPU
		Debug|x64 = Debug|x64
		Debug|x86 = Debug|x86
		Release|Any CPU = Release|Any CPU
		Release|x64 = Release|x64
		Release|x86 = Release|x86
	EndGlobalSection
	GlobalSection(ProjectConfigurationPlatforms) = postSolution
		{3CFFFDBA-9933-401D-8F1F-21A574C00835}.Debug|Any CPU.ActiveCfg = Debug|Any CPU
		{3CFFFDBA-9933-401D-8F1F-21A574C00835}.Debug|Any CPU.Build.0 = Debug|Any CPU
		{3CFFFDBA-9933-401D-8F1F-21A574C00835}.Debug|x64.ActiveCfg = Debug|Any CPU
		{3CFFFDBA-9933-401D-8F1F-21A574C00835}.Debug|x64.Build.0 = Debug|Any CPU
		{3CFFFDBA-9933-401D-8F1F-21A574C00835}.Debug|x86.ActiveCfg = Debug|Any CPU
		{3CFFFDBA-9933-401D-8F1F-21A574C00835}.Debug|x86.Build.0 = Debug|Any CPU
		{3CFFFDBA-9933-401D-8F1F-21A574C00835}.Release|Any CPU.ActiveCfg = Release|Any CPU
		{3CFFFDBA-9933-401D-8F1F-21A574C00835}.Release|Any CPU.Build.0 = Release|Any CPU
		{3CFFFDBA-9933-401D-8F1F-21A574C00835}.Release|x64.ActiveCfg = Release|Any CPU
		{3CFFFDBA-9933-401D-8F1F-21A574C00835}.Release|x64.Build.0 = Release|Any CPU
		{3CFFFDBA-9933-401D-8F1F-21A574C00835}.Release|x86.ActiveCfg = Release|Any CPU
		{3CFFFDBA-9933-401D-8F1F-21A574C00835}.Release|x86.Build.0 = Release|Any CPU
		{F67C9C90-EB00-4C9C-8250-8E7BED0C6B02}.Debug|Any CPU.ActiveCfg = Debug|Any CPU
		{F67C9C90-EB00-4C9C-8250-8E7BED0C6B02}.Debug|Any CPU.Build.0 = Debug|Any CPU
		{F67C9C90-EB00-4C9C-8250-8E7BED0C6B02}.Debug|x64.ActiveCfg = Debug|Any CPU
		{F67C9C90-EB00-4C9C-8250-8E7BED0C6B02}.Debug|x64.Build.0 = Debug|Any CPU
		{F67C9C90-EB00-4C9C-8250-8E7BED0C6B02}.Debug|x86.ActiveCfg = Debug|Any CPU
		{F67C9C90-EB00-4C9C-8250-8E7BED0C6B02}.Debug|x86.Build.0 = Debug|Any CPU
		{F67C9C90-EB00-4C9C-8250-8E7BED0C6B02}.Release|Any CPU.ActiveCfg = Release|Any CPU
		{F67C9C90-EB00-4C9C-8250-8E7BED0C6B02}.Release|Any CPU.Build.0 = Release|Any CPU
		{F67C9C90-EB00-4C9C-8250-8E7BED0C6B02}.Release|x64.ActiveCfg = Release|Any CPU
		{F67C9C90-EB00-4C9C-8250-8E7BED0C6B02}.Release|x64.Build.0 = Release|Any CPU
		{F67C9C90-EB00-4C9C-8250-8E7BED0C6B02}.Release|x86.ActiveCfg = Release|Any CPU
		{F67C9C90-EB00-4C9C-8250-8E7BED0C6B02}.Release|x86.Build.0 = Release|Any CPU
		{7E769061-690E-41D5-8EEE-995EA3CD54BC}.Debug|Any CPU.ActiveCfg = Debug|Any CPU
		{7E769061-690E-41D5-8EEE-995EA3CD54BC}.Debug|Any CPU.Build.0 = Debug|Any CPU
		{7E769061-690E-41D5-8EEE-995EA3CD54BC}.Debug|x64.ActiveCfg = Debug|Any CPU
		{7E769061-690E-41D5-8EEE-995EA3CD54BC}.Debug|x64.Build.0 = Debug|Any CPU
		{7E769061-690E-41D5-8EEE-995EA3CD54BC}.Debug|x86.ActiveCfg = Debug|Any CPU
		{7E769061-690E-41D5-8EEE-995EA3CD54BC}.Debug|x86.Build.0 = Debug|Any CPU
		{7E769061-690E-41D5-8EEE-995EA3CD54BC}.Release|Any CPU.ActiveCfg = Release|Any CPU
		{7E769061-690E-41D5-8EEE-995EA3CD54BC}.Release|Any CPU.Build.0 = Release|Any CPU
		{7E769061-690E-41D5-8EEE-995EA3CD54BC}.Release|x64.ActiveCfg = Release|Any CPU
		{7E769061-690E-41D5-8EEE-995EA3CD54BC}.Release|x64.Build.0 = Release|Any CPU
		{7E769061-690E-41D5-8EEE-995EA3CD54BC}.Release|x86.ActiveCfg = Release|Any CPU
		{7E769061-690E-41D5-8EEE-995EA3CD54BC}.Release|x86.Build.0 = Release|Any CPU
		{22714FB7-1246-4D04-B471-3A0F5A0E7D71}.Debug|Any CPU.ActiveCfg = Debug|Any CPU
		{22714FB7-1246-4D04-B471-3A0F5A0E7D71}.Debug|Any CPU.Build.0 = Debug|Any CPU
		{22714FB7-1246-4D04-B471-3A0F5A0E7D71}.Debug|x64.ActiveCfg = Debug|Any CPU
		{22714FB7-1246-4D04-B471-3A0F5A0E7D71}.Debug|x64.Build.0 = Debug|Any CPU
		{22714FB7-1246-4D04-B471-3A0F5A0E7D71}.Debug|x86.ActiveCfg = Debug|Any CPU
		{22714FB7-1246-4D04-B471-3A0F5A0E7D71}.Debug|x86.Build.0 = Debug|Any CPU
		{22714FB7-1246-4D04-B471-3A0F5A0E7D71}.Release|Any CPU.ActiveCfg = Release|Any CPU
		{22714FB7-1246-4D04-B471-3A0F5A0E7D71}.Release|Any CPU.Build.0 = Release|Any CPU
		{22714FB7-1246-4D04-B471-3A0F5A0E7D71}.Release|x64.ActiveCfg = Release|Any CPU
		{22714FB7-1246-4D04-B471-3A0F5A0E7D71}.Release|x64.Build.0 = Release|Any CPU
		{22714FB7-1246-4D04-B471-3A0F5A0E7D71}.Release|x86.ActiveCfg = Release|Any CPU
		{22714FB7-1246-4D04-B471-3A0F5A0E7D71}.Release|x86.Build.0 = Release|Any CPU
		{70BC89B9-EC34-496D-BF2D-FB9505CE4A29}.Debug|Any CPU.ActiveCfg = Debug|Any CPU
		{70BC89B9-EC34-496D-BF2D-FB9505CE4A29}.Debug|Any CPU.Build.0 = Debug|Any CPU
		{70BC89B9-EC34-496D-BF2D-FB9505CE4A29}.Debug|x64.ActiveCfg = Debug|Any CPU
		{70BC89B9-EC34-496D-BF2D-FB9505CE4A29}.Debug|x64.Build.0 = Debug|Any CPU
		{70BC89B9-EC34-496D-BF2D-FB9505CE4A29}.Debug|x86.ActiveCfg = Debug|Any CPU
		{70BC89B9-EC34-496D-BF2D-FB9505CE4A29}.Debug|x86.Build.0 = Debug|Any CPU
		{70BC89B9-EC34-496D-BF2D-FB9505CE4A29}.Release|Any CPU.ActiveCfg = Release|Any CPU
		{70BC89B9-EC34-496D-BF2D-FB9505CE4A29}.Release|Any CPU.Build.0 = Release|Any CPU
		{70BC89B9-EC34-496D-BF2D-FB9505CE4A29}.Release|x64.ActiveCfg = Release|Any CPU
		{70BC89B9-EC34-496D-BF2D-FB9505CE4A29}.Release|x64.Build.0 = Release|Any CPU
		{70BC89B9-EC34-496D-BF2D-FB9505CE4A29}.Release|x86.ActiveCfg = Release|Any CPU
		{70BC89B9-EC34-496D-BF2D-FB9505CE4A29}.Release|x86.Build.0 = Release|Any CPU
		{6FAC16D4-5F9C-40DF-A52B-997919E34057}.Debug|Any CPU.ActiveCfg = Debug|Any CPU
		{6FAC16D4-5F9C-40DF-A52B-997919E34057}.Debug|Any CPU.Build.0 = Debug|Any CPU
		{6FAC16D4-5F9C-40DF-A52B-997919E34057}.Debug|x64.ActiveCfg = Debug|Any CPU
		{6FAC16D4-5F9C-40DF-A52B-997919E34057}.Debug|x64.Build.0 = Debug|Any CPU
		{6FAC16D4-5F9C-40DF-A52B-997919E34057}.Debug|x86.ActiveCfg = Debug|Any CPU
		{6FAC16D4-5F9C-40DF-A52B-997919E34057}.Debug|x86.Build.0 = Debug|Any CPU
		{6FAC16D4-5F9C-40DF-A52B-997919E34057}.Release|Any CPU.ActiveCfg = Release|Any CPU
		{6FAC16D4-5F9C-40DF-A52B-997919E34057}.Release|Any CPU.Build.0 = Release|Any CPU
		{6FAC16D4-5F9C-40DF-A52B-997919E34057}.Release|x64.ActiveCfg = Release|Any CPU
		{6FAC16D4-5F9C-40DF-A52B-997919E34057}.Release|x64.Build.0 = Release|Any CPU
		{6FAC16D4-5F9C-40DF-A52B-997919E34057}.Release|x86.ActiveCfg = Release|Any CPU
		{6FAC16D4-5F9C-40DF-A52B-997919E34057}.Release|x86.Build.0 = Release|Any CPU
	EndGlobalSection
	GlobalSection(SolutionProperties) = preSolution
		HideSolutionNode = FALSE
	EndGlobalSection
	GlobalSection(NestedProjects) = preSolution
		{3CFFFDBA-9933-401D-8F1F-21A574C00835} = {827E0CD3-B72D-47B6-A68D-7590B98EB39B}
		{F67C9C90-EB00-4C9C-8250-8E7BED0C6B02} = {827E0CD3-B72D-47B6-A68D-7590B98EB39B}
		{7E769061-690E-41D5-8EEE-995EA3CD54BC} = {827E0CD3-B72D-47B6-A68D-7590B98EB39B}
		{22714FB7-1246-4D04-B471-3A0F5A0E7D71} = {827E0CD3-B72D-47B6-A68D-7590B98EB39B}
		{70BC89B9-EC34-496D-BF2D-FB9505CE4A29} = {0AB3BF05-4346-4AA6-1389-037BE0695223}
		{6FAC16D4-5F9C-40DF-A52B-997919E34057} = {0AB3BF05-4346-4AA6-1389-037BE0695223}
	EndGlobalSection
EndGlobal
